version = 1
revision = 1
requires-python = ">=3.13"

[[package]]
name = "autocommand"
version = "2.2.2"
source = { registry = "https://pypi.org/simple" }
sdist = { url = "https://files.pythonhosted.org/packages/5b/18/774bddb96bc0dc0a2b8ac2d2a0e686639744378883da0fc3b96a54192d7a/autocommand-2.2.2.tar.gz", hash = "sha256:878de9423c5596491167225c2a455043c3130fb5b7286ac83443d45e74955f34", size = 22894 }
wheels = [
    { url = "https://files.pythonhosted.org/packages/b5/62/05203c39d21aa3171454a6c5391ea3b582a97bfb1bc1adad25628331a1cd/autocommand-2.2.2-py3-none-any.whl", hash = "sha256:710afe251075e038e19e815e25f8155cabe02196cfb545b2185e0d9c8b2b0459", size = 19377 },
]

[[package]]
name = "bottle"
version = "0.13.4"
source = { registry = "https://pypi.org/simple" }
sdist = { url = "https://files.pythonhosted.org/packages/7a/71/cca6167c06d00c81375fd668719df245864076d284f7cb46a694cbeb5454/bottle-0.13.4.tar.gz", hash = "sha256:787e78327e12b227938de02248333d788cfe45987edca735f8f88e03472c3f47", size = 98717 }
wheels = [
    { url = "https://files.pythonhosted.org/packages/83/f6/b55ec74cfe68c6584163faa311503c20b0da4c09883a41e8e00d6726c954/bottle-0.13.4-py2.py3-none-any.whl", hash = "sha256:045684fbd2764eac9cdeb824861d1551d113e8b683d8d26e296898d3dd99a12e", size = 103807 },
]

[[package]]
name = "cffi"
version = "2.0.0"
source = { registry = "https://pypi.org/simple" }
dependencies = [
    { name = "pycparser", marker = "implementation_name != 'PyPy'" },
]
sdist = { url = "https://files.pythonhosted.org/packages/eb/56/b1ba7935a17738ae8453301356628e8147c79dbb825bcbc73dc7401f9846/cffi-2.0.0.tar.gz", hash = "sha256:44d1b5909021139fe36001ae048dbdde8214afa20200eda0f64c068cac5d5529", size = 523588 }
wheels = [
    { url = "https://files.pythonhosted.org/packages/eb/6d/bf9bda840d5f1dfdbf0feca87fbdb64a918a69bca42cfa0ba7b137c48cb8/cffi-2.0.0-cp313-cp313-win32.whl", hash = "sha256:74a03b9698e198d47562765773b4a8309919089150a0bb17d829ad7b44b60d27", size = 172909 },
    { url = "https://files.pythonhosted.org/packages/37/18/6519e1ee6f5a1e579e04b9ddb6f1676c17368a7aba48299c3759bbc3c8b3/cffi-2.0.0-cp313-cp313-win_amd64.whl", hash = "sha256:19f705ada2530c1167abacb171925dd886168931e0a7b78f5bffcae5c6b5be75", size = 183402 },
    { url = "https://files.pythonhosted.org/packages/cb/0e/02ceeec9a7d6ee63bb596121c2c8e9b3a9e150936f4fbef6ca1943e6137c/cffi-2.0.0-cp313-cp313-win_arm64.whl", hash = "sha256:256f80b80ca3853f90c21b23ee78cd008713787b1b1e93eae9f3d6a7134abd91", size = 177780 },
    { url = "https://files.pythonhosted.org/packages/3e/aa/df335faa45b395396fcbc03de2dfcab242cd61a9900e914fe682a59170b1/cffi-2.0.0-cp314-cp314-win32.whl", hash = "sha256:087067fa8953339c723661eda6b54bc98c5625757ea62e95eb4898ad5e776e9f", size = 175328 },
    { url = "https://files.pythonhosted.org/packages/bb/92/882c2d30831744296ce713f0feb4c1cd30f346ef747b530b5318715cc367/cffi-2.0.0-cp314-cp314-win_amd64.whl", hash = "sha256:203a48d1fb583fc7d78a4c6655692963b860a417c0528492a6bc21f1aaefab25", size = 185650 },
    { url = "https://files.pythonhosted.org/packages/9f/2c/98ece204b9d35a7366b5b2c6539c350313ca13932143e79dc133ba757104/cffi-2.0.0-cp314-cp314-win_arm64.whl", hash = "sha256:dbd5c7a25a7cb98f5ca55d258b103a2054f859a46ae11aaf23134f9cc0d356ad", size = 180687 },
    { url = "https://files.pythonhosted.org/packages/a0/1d/ec1a60bd1a10daa292d3cd6bb0b359a81607154fb8165f3ec95fe003b85c/cffi-2.0.0-cp314-cp314t-win32.whl", hash = "sha256:1fc9ea04857caf665289b7a75923f2c6ed559b8298a1b8c49e59f7dd95c8481e", size = 180487 },
    { url = "https://files.pythonhosted.org/packages/bf/41/4c1168c74fac325c0c8156f04b6749c8b6a8f405bbf91413ba088359f60d/cffi-2.0.0-cp314-cp314t-win_amd64.whl", hash = "sha256:d68b6cef7827e8641e8ef16f4494edda8b36104d79773a334beaa1e3521430f6", size = 191726 },
    { url = "https://files.pythonhosted.org/packages/ae/3a/dbeec9d1ee0844c679f6bb5d6ad4e9f198b1224f4e7a32825f47f6192b0c/cffi-2.0.0-cp314-cp314t-win_arm64.whl", hash = "sha256:0a1527a803f0a659de1af2e1fd700213caba79377e27e4693648c2923da066f9", size = 184195 },
]

[[package]]
name = "cheroot"
version = "11.0.0"
source = { registry = "https://pypi.org/simple" }
dependencies = [
    { name = "jaraco-functools" },
    { name = "more-itertools" },
]
sdist = { url = "https://files.pythonhosted.org/packages/f4/01/5ef06df932a974d016ab9d7f93e78740b572c4020016794fd4799cdc09c6/cheroot-11.0.0.tar.gz", hash = "sha256:dd414eda6bdb15140e864bc1d1c9625030375d14cbe0b290092867368924a52f", size = 182140 }
wheels = [
    { url = "https://files.pythonhosted.org/packages/8f/56/8808b1ae899b7d3976b401fd4e29c3cfc97bc3d46a7973f76393218cca1f/cheroot-11.0.0-py3-none-any.whl", hash = "sha256:0e3aea62026b5e70df6e63259e345bdcff404daf4b8a11204f46d4234959fccd", size = 106397 },
]

[[package]]
name = "cherrypy"
version = "18.10.0"
source = { registry = "https://pypi.org/simple" }
dependencies = [
    { name = "cheroot" },
    { name = "jaraco-collections" },
    { name = "more-itertools" },
    { name = "portend" },
    { name = "zc-lockfile" },
]
sdist = { url = "https://files.pythonhosted.org/packages/93/e8/2f7ef142d1962d08a8885c4c9942212abecad6a80ccdd1620fd1f5c993fd/cherrypy-18.10.0.tar.gz", hash = "sha256:6c70e78ee11300e8b21c0767c542ae6b102a49cac5cfd4e3e313d7bb907c5891", size = 633708 }
wheels = [
    { url = "https://files.pythonhosted.org/packages/97/61/4aba4860c91e66adbc44a62a437ad845abab21cc3dcb0b8e320000d091dd/CherryPy-18.10.0-py3-none-any.whl", hash = "sha256:129e444b9a63cea4e765481b156376f1cfe319e64caaaec2485636532373b298", size = 349804 },
]

[[package]]
name = "clr-loader"
version = "0.2.7.post0"
source = { registry = "https://pypi.org/simple" }
dependencies = [
    { name = "cffi" },
]
sdist = { url = "https://files.pythonhosted.org/packages/d5/b3/8ae917e458394e2cebdbf17bed0a8204f8d4ffc79a093a7b1141c7731d3c/clr_loader-0.2.7.post0.tar.gz", hash = "sha256:b7a8b3f8fbb1bcbbb6382d887e21d1742d4f10b5ea209e4ad95568fe97e1c7c6", size = 56701 }
wheels = [
    { url = "https://files.pythonhosted.org/packages/9c/c0/06e64a54bced4e8b885c1e7ec03ee1869e52acf69e87da40f92391a214ad/clr_loader-0.2.7.post0-py3-none-any.whl", hash = "sha256:e0b9fcc107d48347a4311a28ffe3ae78c4968edb216ffb6564cb03f7ace0bb47", size = 50649 },
]

[[package]]
name = "html2text"
version = "2025.4.15"
source = { registry = "https://pypi.org/simple" }
sdist = { url = "https://files.pythonhosted.org/packages/f8/27/e158d86ba1e82967cc2f790b0cb02030d4a8bef58e0c79a8590e9678107f/html2text-2025.4.15.tar.gz", hash = "sha256:948a645f8f0bc3abe7fd587019a2197a12436cd73d0d4908af95bfc8da337588", size = 64316 }
wheels = [
    { url = "https://files.pythonhosted.org/packages/1d/84/1a0f9555fd5f2b1c924ff932d99b40a0f8a6b12f6dd625e2a47f415b00ea/html2text-2025.4.15-py3-none-any.whl", hash = "sha256:00569167ffdab3d7767a4cdf589b7f57e777a5ed28d12907d8c58769ec734acc", size = 34656 },
]

[[package]]
name = "iterfzf"
version = "1.8.0.62.0"
source = { registry = "https://pypi.org/simple" }
sdist = { url = "https://files.pythonhosted.org/packages/f6/3c/f1be6cbc6a805dfb1b21d0bdc8b850c3a18f55745acd7f3cf794e1454335/iterfzf-1.8.0.62.0.tar.gz", hash = "sha256:17f8b787da3561493608ce995f192421ccd5cc6be818fd12db5d3fc54b5aa5eb", size = 1827592 }
wheels = [
    { url = "https://files.pythonhosted.org/packages/ed/07/b43cd0d821e39d2d9afc03ca15d658f9c7aed7d8363bb95b2f35c22500bf/iterfzf-1.8.0.62.0-py3-none-macosx_10_7_x86_64.macosx_10_9_x86_64.whl", hash = "sha256:057ac19b67128269a2c9efa7d419fef130d0df2210658d0e2fbe5a009b8b09e1", size = 1705552 },
    { url = "https://files.pythonhosted.org/packages/e5/2b/0c9125d0500df4cec54fcc76a8db86fbffee65fbfdcf85b712231a431829/iterfzf-1.8.0.62.0-py3-none-macosx_11_0_arm64.whl", hash = "sha256:e18ea2ccf4d572695987d90537977ef060ebf4157e783bb1a72a7f3fa1da2cd0", size = 1618660 },
    { url = "https://files.pythonhosted.org/packages/67/d5/16d76f04b23ecd4a2e98b112e73b10cfb058a4795a6e63d21df020d1c8cc/iterfzf-1.8.0.62.0-py3-none-manylinux_1_2_aarch64.manylinux_2_17_aarch64.manylinux2014_aarch64.whl", hash = "sha256:24d5d658995be678a19c8ae633486daa9ef63fd17a2d759581c565885861817c", size = 1485885 },
    { url = "https://files.pythonhosted.org/packages/df/37/4349484d7693324e40d51d0dc2f4d52b49b6765598e14af56642075ecdde/iterfzf-1.8.0.62.0-py3-none-manylinux_1_2_x86_64.manylinux_2_17_x86_64.manylinux2014_x86_64.whl", hash = "sha256:15094a8ac72d0755d3657333fcd72329ef2d79ea6633c37a6be27be66671ae48", size = 1610003 },
    { url = "https://files.pythonhosted.org/packages/c9/85/520fedf1a01fe014366307ea4b1ce5527e29dfcf042155eb874972dcc1f7/iterfzf-1.8.0.62.0-py3-none-manylinux_2_17_ppc64le.manylinux2014_ppc64le.whl", hash = "sha256:32878d993fc6058641bdec50867a25e199b40736cebb0e28449b8a61b054bf3d", size = 1482981 },
    { url = "https://files.pythonhosted.org/packages/7b/08/e9fafe7bc4609f317d50df7cdb3c23a46ec65cedf255bd2ef55916d04e54/iterfzf-1.8.0.62.0-py3-none-manylinux_2_17_s390x.manylinux2014_s390x.whl", hash = "sha256:b43e757b4c0141250aa48cb545083da25e41722d14b003fdc9bddb366a373479", size = 1604392 },
    { url = "https://files.pythonhosted.org/packages/5b/0f/7169c67ba591917c9eb09ab5433cb6c8cc2346baee7b9abab9351da277a6/iterfzf-1.8.0.62.0-py3-none-win_amd64.whl", hash = "sha256:b7cb95f93d5c1d901e8b7ccc886870f48f8331ebbba230cbd49eaedf045f142e", size = 1833659 },
    { url = "https://files.pythonhosted.org/packages/6b/b0/ff38147ebb94a9ad79781e7356f2b5e69bd79721a9f0653ccf25506c4cfe/iterfzf-1.8.0.62.0-py3-none-win_arm64.whl", hash = "sha256:9ae79840b14c090c6a4590add2eaa90f1e945319433d9c900badf0b588b576f8", size = 1689599 },
]

[[package]]
name = "jaraco-collections"
version = "5.2.1"
source = { registry = "https://pypi.org/simple" }
dependencies = [
    { name = "jaraco-text" },
]
sdist = { url = "https://files.pythonhosted.org/packages/fa/d2/751000cf702676dbb78f97728f4d52b029e817e2b3c94088dfe5c70ff46d/jaraco_collections-5.2.1.tar.gz", hash = "sha256:dab81970bad6f0ab53b20745f1b01da37926e4c0fcd425046aa45e0d8efa18ed", size = 19729 }
wheels = [
    { url = "https://files.pythonhosted.org/packages/b5/fe/570f6a7b4443a3548ab02ba88c77b64521452a2eed2c80449d13be8fd4d1/jaraco_collections-5.2.1-py3-none-any.whl", hash = "sha256:ea3415ddfc50206b6ba7d09c3deb358b76a5f8c1ddc82be788e8e8bd151ebfa8", size = 11588 },
]

[[package]]
name = "jaraco-context"
version = "6.0.1"
source = { registry = "https://pypi.org/simple" }
sdist = { url = "https://files.pythonhosted.org/packages/df/ad/f3777b81bf0b6e7bc7514a1656d3e637b2e8e15fab2ce3235730b3e7a4e6/jaraco_context-6.0.1.tar.gz", hash = "sha256:9bae4ea555cf0b14938dc0aee7c9f32ed303aa20a3b73e7dc80111628792d1b3", size = 13912 }
wheels = [
    { url = "https://files.pythonhosted.org/packages/ff/db/0c52c4cf5e4bd9f5d7135ec7669a3a767af21b3a308e1ed3674881e52b62/jaraco.context-6.0.1-py3-none-any.whl", hash = "sha256:f797fc481b490edb305122c9181830a3a5b76d84ef6d1aef2fb9b47ab956f9e4", size = 6825 },
]

[[package]]
name = "jaraco-functools"
version = "4.3.0"
source = { registry = "https://pypi.org/simple" }
dependencies = [
    { name = "more-itertools" },
]
sdist = { url = "https://files.pythonhosted.org/packages/f7/ed/1aa2d585304ec07262e1a83a9889880701079dde796ac7b1d1826f40c63d/jaraco_functools-4.3.0.tar.gz", hash = "sha256:cfd13ad0dd2c47a3600b439ef72d8615d482cedcff1632930d6f28924d92f294", size = 19755 }
wheels = [
    { url = "https://files.pythonhosted.org/packages/b4/09/726f168acad366b11e420df31bf1c702a54d373a83f968d94141a8c3fde0/jaraco_functools-4.3.0-py3-none-any.whl", hash = "sha256:227ff8ed6f7b8f62c56deff101545fa7543cf2c8e7b82a7c2116e672f29c26e8", size = 10408 },
]

[[package]]
name = "jaraco-text"
version = "4.0.0"
source = { registry = "https://pypi.org/simple" }
dependencies = [
    { name = "autocommand" },
    { name = "jaraco-context" },
    { name = "jaraco-functools" },
    { name = "more-itertools" },
]
sdist = { url = "https://files.pythonhosted.org/packages/4f/00/1b4dbbc5c6dcb87a4278cc229b2b560484bf231bba7922686c5139e5f934/jaraco_text-4.0.0.tar.gz", hash = "sha256:5b71fecea69ab6f939d4c906c04fee1eda76500d1641117df6ec45b865f10db0", size = 17009 }
wheels = [
    { url = "https://files.pythonhosted.org/packages/2f/29/350039bde32fbd7000e2fb81e1c4e42a857b5e77bcbaf6267c806c70ab9a/jaraco.text-4.0.0-py3-none-any.whl", hash = "sha256:08de508939b5e681b14cdac2f1f73036cd97f6f8d7b25e96b8911a9a428ca0d1", size = 11542 },
]

[[package]]
name = "libzim"
version = "3.8.0"
source = { registry = "https://pypi.org/simple" }
sdist = { url = "https://files.pythonhosted.org/packages/4d/85/2b3767f78eb457f1c0c31e2736cfef9cd7f8c29afa74b0c1d4bc2193c865/libzim-3.8.0.tar.gz", hash = "sha256:ba26858bc587cbef44ef5a4efff9b57f93a3bf806a96aac9602700f545268354", size = 58439 }
wheels = [
    { url = "https://files.pythonhosted.org/packages/ba/1e/fe65b6e803c859d6c34aa497cc9da57b6bfba099b92abda2b26aeeda8e6f/libzim-3.8.0-cp313-cp313-macosx_13_0_arm64.whl", hash = "sha256:e5a2d6f3193386cb50532a5fc323ac79d2a0dafc3f27ffa8ff485cf6e11b7990", size = 3607048 },
    { url = "https://files.pythonhosted.org/packages/29/83/a2901df3b68223b5ebbe43241901f54cc9c253bad6db9872429356b3cc0b/libzim-3.8.0-cp313-cp313-macosx_13_0_x86_64.whl", hash = "sha256:90c9ae8435371f5d219894e49a6b40bcd7bf5e9dbeff8d3a522a8bd27749db0b", size = 3825141 },
    { url = "https://files.pythonhosted.org/packages/6b/7f/50c70abfa680c47d3b43f8ba8cbb0ed6d3f7dd252e258bc19a0f043d45d7/libzim-3.8.0-cp313-cp313-manylinux_2_27_aarch64.manylinux_2_28_aarch64.whl", hash = "sha256:b943444404f42b82f90a7a1f5bfe030b8454bafb5d0becc59d9fe5439602aec4", size = 8204446 },
    { url = "https://files.pythonhosted.org/packages/a1/4c/ab1ffc55dfec82353a6206f16e1f74f83716d2da205ebcf1f3cb18d0ca29/libzim-3.8.0-cp313-cp313-manylinux_2_27_x86_64.manylinux_2_28_x86_64.whl", hash = "sha256:bdf1d8e7e6a52ad6fc6a18b9940c72703cae99d04f33ae67b4e0691df912bbcd", size = 8403446 },
    { url = "https://files.pythonhosted.org/packages/0c/ea/712c046554048b08c39c847960b8f4d670e7e4ceb163a0bfb966d60bb87b/libzim-3.8.0-cp313-cp313-musllinux_1_2_aarch64.whl", hash = "sha256:f16f331fc9510f0bc50347150a753b8512a52f5f7d330e49a6739a8fa8053d6e", size = 9528787 },
    { url = "https://files.pythonhosted.org/packages/f2/66/c85c89653afafc7770ae1db53b6ba2d5ab09aa06af7df3706e1ab5eee604/libzim-3.8.0-cp313-cp313-musllinux_1_2_x86_64.whl", hash = "sha256:15a7fd60fa8778b099053194ee5241429ae980de9d701dca5bc6c8f610426715", size = 9761806 },
    { url = "https://files.pythonhosted.org/packages/c5/da/73c96422eb01c08795cc530f6139ef3a29ec78cdcaa608a2a849cd85a122/libzim-3.8.0-cp313-cp313-win_amd64.whl", hash = "sha256:71d7105425edb48df8092d0bf09466b777cca03d3d458812f451ae596da630c2", size = 15954236 },
    { url = "https://files.pythonhosted.org/packages/52/a4/ad46e4d35609d3a60255777b3b11c584c4274b70a91a0e9bafab9ca3f6c1/libzim-3.8.0-cp314-cp314-macosx_13_0_arm64.whl", hash = "sha256:f4de472eba19aedf3051435c00dba8d71ea8736924d982d19a95e197f44c0a31", size = 3607671 },
    { url = "https://files.pythonhosted.org/packages/ab/0b/bb3539b9e623e0590455285686aff0d65d4a6ef438ae68157039cf2de538/libzim-3.8.0-cp314-cp314-macosx_13_0_x86_64.whl", hash = "sha256:e57e0f4e63c4761c02cb8406be26e63bd6c0622919dc266b7c698a0232619a6f", size = 3824884 },
    { url = "https://files.pythonhosted.org/packages/45/7d/284ee13d28fa5d7ff55b909c26f480ee217b8746439922cdd12c18bf7445/libzim-3.8.0-cp314-cp314-manylinux_2_27_aarch64.manylinux_2_28_aarch64.whl", hash = "sha256:e28ec915841eda1caada0f3aa777a597018aee4b4e7e19b06b7a11beb069cd64", size = 8202174 },
    { url = "https://files.pythonhosted.org/packages/e9/1c/e4a6e4121fe1e5a95ffb1182663d4e2ecf6ee9079ed1c4607f4b7d371551/libzim-3.8.0-cp314-cp314-manylinux_2_27_x86_64.manylinux_2_28_x86_64.whl", hash = "sha256:85081697225a4a048738545529ff04120889a00f6439c9e820db1530978c82e1", size = 8392971 },
    { url = "https://files.pythonhosted.org/packages/26/e4/566eaa480f88b276a822c705ecb2872e1edf533d47475882696c527e1787/libzim-3.8.0-cp314-cp314-musllinux_1_2_aarch64.whl", hash = "sha256:35d785cfc5b45935f9caec6879a13be9c923db9944b9142bb294a9839b004c76", size = 9532351 },
    { url = "https://files.pythonhosted.org/packages/e1/25/80014fa04da9bfc78ddafa8c554e5644138ef8c886a77f2d85ff0f076dc7/libzim-3.8.0-cp314-cp314-musllinux_1_2_x86_64.whl", hash = "sha256:50b8abb63ea79db0aa43f1c26f0106e3be96d4d2330b14915da7162b2fe4d966", size = 9751012 },
    { url = "https://files.pythonhosted.org/packages/23/26/2e8cfc37cc01818095fefb0b96859e3581de5ebd3c23ea0081820362e1f8/libzim-3.8.0-cp314-cp314-win_amd64.whl", hash = "sha256:a0e26819f2c91a35c4082b8ce06c6933154706227d5c41689f167855d6b850a4", size = 16620391 },
    { url = "https://files.pythonhosted.org/packages/08/08/fc2d834b612d34d244c8f53ba07f47524f0780754b56d02a7127eaf45e79/libzim-3.8.0-cp314-cp314t-macosx_13_0_arm64.whl", hash = "sha256:5066cfa51b7efacc9fdd738fe223b432345e0a0d5b245101c7980e65ca71b9e2", size = 3618129 },
    { url = "https://files.pythonhosted.org/packages/c6/ae/36c9c94cf6a89facfd81fe4257c94ccf033c6e6c351629168daa2349930d/libzim-3.8.0-cp314-cp314t-macosx_13_0_x86_64.whl", hash = "sha256:69dd82375e5660906adf28440e75899f7a08d96e890ba47f3f30a2fac63d9b6e", size = 3836160 },
    { url = "https://files.pythonhosted.org/packages/97/14/24b101c1a13bc3399b07379c717590994d6e018e3bc417a9d6ec89e2caed/libzim-3.8.0-cp314-cp314t-manylinux_2_27_aarch64.manylinux_2_28_aarch64.whl", hash = "sha256:3569a80a13356eae21fc11dd31d09f2d9c748891239447a38e5194db2ff6ee55", size = 8216174 },
    { url = "https://files.pythonhosted.org/packages/b4/d0/28231d395c4520ce51c5cae8dc0b14f1d052b0ef53e1129f6bee4397808c/libzim-3.8.0-cp314-cp314t-manylinux_2_27_x86_64.manylinux_2_28_x86_64.whl", hash = "sha256:58a52b8905ddab20113da4050e436c0963c0571cac49f3c3c77c5bd4f65a6bcb", size = 8390111 },
    { url = "https://files.pythonhosted.org/packages/5a/df/041cdfaacfbc93d9e87cc0550c00c823eb3ef5fceb3d77878ccd468f84e3/libzim-3.8.0-cp314-cp314t-musllinux_1_2_aarch64.whl", hash = "sha256:18983f246d43637d9c765d05d87b2d1092f9cb17ac252d0c8848d41c177a0054", size = 9532101 },
    { url = "https://files.pythonhosted.org/packages/3b/f5/d61f93e0b4c13e9557f68608fb87e34869b0eb5ac26aef0d28f500ca24c2/libzim-3.8.0-cp314-cp314t-musllinux_1_2_x86_64.whl", hash = "sha256:034967fa4fad30c4a5708572fdcde8db1291d37431bc23c5a536937e1a8b3bdc", size = 9740726 },
    { url = "https://files.pythonhosted.org/packages/4c/cd/01da95fa9e23a923e5b4f743f8f3caee135860e0c5ac7b35ddcc70b9f4a5/libzim-3.8.0-cp314-cp314t-win_amd64.whl", hash = "sha256:bfbda0a67a38c739ad1480ed0efac54893105dfb27e3404f99c3ba6b3fa55429", size = 16649541 },
]

[[package]]
name = "more-itertools"
version = "10.8.0"
source = { registry = "https://pypi.org/simple" }
sdist = { url = "https://files.pythonhosted.org/packages/ea/5d/38b681d3fce7a266dd9ab73c66959406d565b3e85f21d5e66e1181d93721/more_itertools-10.8.0.tar.gz", hash = "sha256:f638ddf8a1a0d134181275fb5d58b086ead7c6a72429ad725c67503f13ba30bd", size = 137431 }
wheels = [
    { url = "https://files.pythonhosted.org/packages/a4/8e/469e5a4a2f5855992e425f3cb33804cc07bf18d48f2db061aec61ce50270/more_itertools-10.8.0-py3-none-any.whl", hash = "sha256:52d4362373dcf7c52546bc4af9a86ee7c4579df9a8dc268be0a2f949d376cc9b", size = 69667 },
]

[[package]]
name = "packaging"
version = "25.0"
source = { registry = "https://pypi.org/simple" }
sdist = { url = "https://files.pythonhosted.org/packages/a1/d4/1fc4078c65507b51b96ca8f8c3ba19e6a61c8253c72794544580a7b6c24d/packaging-25.0.tar.gz", hash = "sha256:d443872c98d677bf60f6a1f2f8c1cb748e8fe762d2bf9d3148b5599295b0fc4f", size = 165727 }
wheels = [
    { url = "https://files.pythonhosted.org/packages/20/12/38679034af332785aac8774540895e234f4d07f7545804097de4b666afd8/packaging-25.0-py3-none-any.whl", hash = "sha256:29572ef2b1f17581046b3a2227d5c611fb25ec70ca1ba8554b24b0e69331a484", size = 66469 },
]

[[package]]
name = "portend"
version = "3.2.1"
source = { registry = "https://pypi.org/simple" }
dependencies = [
    { name = "tempora" },
]
sdist = { url = "https://files.pythonhosted.org/packages/b7/57/be90f42996fc4f57d5742ef2c95f7f7bb8e9183af2cc11bff8e7df338888/portend-3.2.1.tar.gz", hash = "sha256:aa9d40ab1f9e14bdb7d401f42210df35d017c9b97991baeb18568cedfb8c6489", size = 12243 }
wheels = [
    { url = "https://files.pythonhosted.org/packages/49/11/b0b19077f80cb8972b44c96af983e8cfcdb1506090bacef137ed8b448af8/portend-3.2.1-py3-none-any.whl", hash = "sha256:bd2bb1cd8585e32f1f986c1b8eae2950c8622c648db163b711a2fc2ef8d8d492", size = 5653 },
]

[[package]]
name = "proxy-tools"
version = "0.1.0"
source = { registry = "https://pypi.org/simple" }
sdist = { url = "https://files.pythonhosted.org/packages/f2/cf/77d3e19b7fabd03895caca7857ef51e4c409e0ca6b37ee6e9f7daa50b642/proxy_tools-0.1.0.tar.gz", hash = "sha256:ccb3751f529c047e2d8a58440d86b205303cf0fe8146f784d1cbcd94f0a28010", size = 2978 }

[[package]]
name = "pycparser"
version = "2.23"
source = { registry = "https://pypi.org/simple" }
sdist = { url = "https://files.pythonhosted.org/packages/fe/cf/d2d3b9f5699fb1e4615c8e32ff220203e43b248e1dfcc6736ad9057731ca/pycparser-2.23.tar.gz", hash = "sha256:78816d4f24add8f10a06d6f05b4d424ad9e96cfebf68a4ddc99c65c0720d00c2", size = 173734 }
wheels = [
    { url = "https://files.pythonhosted.org/packages/a0/e3/59cd50310fc9b59512193629e1984c1f95e5c8ae6e5d8c69532ccc65a7fe/pycparser-2.23-py3-none-any.whl", hash = "sha256:e5c6e8d3fbad53479cab09ac03729e0a9faf2bee3db8208a550daf5af81a5934", size = 118140 },
]

[[package]]
name = "pyicu"
version = "2.15.3"
source = { registry = "https://pypi.org/simple" }
sdist = { url = "https://files.pythonhosted.org/packages/88/b0/c8b61bac55424e2ff80e20d7251c3f002baff3c07c34cee3849e3505d8f5/pyicu-2.15.3.tar.gz", hash = "sha256:f32e78e1cb64d0aeb14f027e037a8944861d3114548818a6adf0081ef51aefc3", size = 267569 }

[[package]]
name = "pyobjc-core"
version = "11.1"
source = { registry = "https://pypi.org/simple" }
sdist = { url = "https://files.pythonhosted.org/packages/e8/e9/0b85c81e2b441267bca707b5d89f56c2f02578ef8f3eafddf0e0c0b8848c/pyobjc_core-11.1.tar.gz", hash = "sha256:b63d4d90c5df7e762f34739b39cc55bc63dbcf9fb2fb3f2671e528488c7a87fe", size = 974602 }
wheels = [
    { url = "https://files.pythonhosted.org/packages/c5/24/12e4e2dae5f85fd0c0b696404ed3374ea6ca398e7db886d4f1322eb30799/pyobjc_core-11.1-cp313-cp313-macosx_10_13_universal2.whl", hash = "sha256:18986f83998fbd5d3f56d8a8428b2f3e0754fd15cef3ef786ca0d29619024f2c", size = 676431 },
    { url = "https://files.pythonhosted.org/packages/f7/79/031492497624de4c728f1857181b06ce8c56444db4d49418fa459cba217c/pyobjc_core-11.1-cp313-cp313t-macosx_10_13_universal2.whl", hash = "sha256:8849e78cfe6595c4911fbba29683decfb0bf57a350aed8a43316976ba6f659d2", size = 719330 },
    { url = "https://files.pythonhosted.org/packages/ed/7d/6169f16a0c7ec15b9381f8bf33872baf912de2ef68d96c798ca4c6ee641f/pyobjc_core-11.1-cp314-cp314-macosx_11_0_universal2.whl", hash = "sha256:8cb9ed17a8d84a312a6e8b665dd22393d48336ea1d8277e7ad20c19a38edf731", size = 667203 },
    { url = "https://files.pythonhosted.org/packages/49/0f/f5ab2b0e57430a3bec9a62b6153c0e79c05a30d77b564efdb9f9446eeac5/pyobjc_core-11.1-cp314-cp314t-macosx_11_0_universal2.whl", hash = "sha256:f2455683e807f8541f0d83fbba0f5d9a46128ab0d5cc83ea208f0bec759b7f96", size = 708807 },
]

[[package]]
name = "pyobjc-framework-cocoa"
version = "11.1"
source = { registry = "https://pypi.org/simple" }
dependencies = [
    { name = "pyobjc-core" },
]
sdist = { url = "https://files.pythonhosted.org/packages/4b/c5/7a866d24bc026f79239b74d05e2cf3088b03263da66d53d1b4cf5207f5ae/pyobjc_framework_cocoa-11.1.tar.gz", hash = "sha256:87df76b9b73e7ca699a828ff112564b59251bb9bbe72e610e670a4dc9940d038", size = 5565335 }
wheels = [
    { url = "https://files.pythonhosted.org/packages/4e/0b/a01477cde2a040f97e226f3e15e5ffd1268fcb6d1d664885a95ba592eca9/pyobjc_framework_cocoa-11.1-cp313-cp313-macosx_10_13_universal2.whl", hash = "sha256:54e93e1d9b0fc41c032582a6f0834befe1d418d73893968f3f450281b11603da", size = 389049 },
    { url = "https://files.pythonhosted.org/packages/bc/e6/64cf2661f6ab7c124d0486ec6d1d01a9bb2838a0d2a46006457d8c5e6845/pyobjc_framework_cocoa-11.1-cp313-cp313t-macosx_10_13_universal2.whl", hash = "sha256:fd5245ee1997d93e78b72703be1289d75d88ff6490af94462b564892e9266350", size = 393110 },
    { url = "https://files.pythonhosted.org/packages/33/87/01e35c5a3c5bbdc93d5925366421e10835fcd7b23347b6c267df1b16d0b3/pyobjc_framework_cocoa-11.1-cp314-cp314-macosx_11_0_universal2.whl", hash = "sha256:aede53a1afc5433e1e7d66568cc52acceeb171b0a6005407a42e8e82580b4fc0", size = 392644 },
    { url = "https://files.pythonhosted.org/packages/c1/7c/54afe9ffee547c41e1161691e72067a37ed27466ac71c089bfdcd07ca70d/pyobjc_framework_cocoa-11.1-cp314-cp314t-macosx_11_0_universal2.whl", hash = "sha256:1b5de4e1757bb65689d6dc1f8d8717de9ec8587eb0c4831c134f13aba29f9b71", size = 396742 },
]

[[package]]
name = "pyobjc-framework-quartz"
version = "11.1"
source = { registry = "https://pypi.org/simple" }
dependencies = [
    { name = "pyobjc-core" },
    { name = "pyobjc-framework-cocoa" },
]
sdist = { url = "https://files.pythonhosted.org/packages/c7/ac/6308fec6c9ffeda9942fef72724f4094c6df4933560f512e63eac37ebd30/pyobjc_framework_quartz-11.1.tar.gz", hash = "sha256:a57f35ccfc22ad48c87c5932818e583777ff7276605fef6afad0ac0741169f75", size = 3953275 }
wheels = [
    { url = "https://files.pythonhosted.org/packages/bd/27/4f4fc0e6a0652318c2844608dd7c41e49ba6006ee5fb60c7ae417c338357/pyobjc_framework_quartz-11.1-cp313-cp313-macosx_10_13_universal2.whl", hash = "sha256:43a1138280571bbf44df27a7eef519184b5c4183a588598ebaaeb887b9e73e76", size = 216816 },
    { url = "https://files.pythonhosted.org/packages/b8/8a/1d15e42496bef31246f7401aad1ebf0f9e11566ce0de41c18431715aafbc/pyobjc_framework_quartz-11.1-cp313-cp313t-macosx_10_13_universal2.whl", hash = "sha256:b23d81c30c564adf6336e00b357f355b35aad10075dd7e837cfd52a9912863e5", size = 221941 },
    { url = "https://files.pythonhosted.org/packages/32/a8/a3f84d06e567efc12c104799c7fd015f9bea272a75f799eda8b79e8163c6/pyobjc_framework_quartz-11.1-cp314-cp314-macosx_11_0_universal2.whl", hash = "sha256:07cbda78b4a8fcf3a2d96e047a2ff01f44e3e1820f46f0f4b3b6d77ff6ece07c", size = 221312 },
    { url = "https://files.pythonhosted.org/packages/76/ef/8c08d4f255bb3efe8806609d1f0b1ddd29684ab0f9ffb5e26d3ad7957b29/pyobjc_framework_quartz-11.1-cp314-cp314t-macosx_11_0_universal2.whl", hash = "sha256:39d02a3df4b5e3eee1e0da0fb150259476910d2a9aa638ab94153c24317a9561", size = 226353 },
]

[[package]]
name = "pyobjc-framework-security"
version = "11.1"
source = { registry = "https://pypi.org/simple" }
dependencies = [
    { name = "pyobjc-core" },
    { name = "pyobjc-framework-cocoa" },
]
sdist = { url = "https://files.pythonhosted.org/packages/ee/6f/ba50ed2d9c1192c67590a7cfefa44fc5f85c776d1e25beb224dec32081f6/pyobjc_framework_security-11.1.tar.gz", hash = "sha256:dabcee6987c6bae575e2d1ef0fcbe437678c4f49f1c25a4b131a5e960f31a2da", size = 302291 }
wheels = [
    { url = "https://files.pythonhosted.org/packages/3f/d8/cb20b4c4d15b2bdc7e39481159e50a933ddb87e4702d35060c254b316055/pyobjc_framework_security-11.1-cp313-cp313-macosx_10_13_universal2.whl", hash = "sha256:158da3b2474e2567fd269531c4ee9f35b8ba4f1eccbd1fb4a37c85a18bf1243c", size = 41221 },
    { url = "https://files.pythonhosted.org/packages/cb/3c/d13d6870f5d66f5379565887b332f86f16d666dc50a1944d7e3a1462e76c/pyobjc_framework_security-11.1-cp313-cp313t-macosx_10_13_universal2.whl", hash = "sha256:141cc3ee08627ae0698264efc3dbbaf28d2255e0fe690e336eb8f0f387c4af01", size = 42099 },
    { url = "https://files.pythonhosted.org/packages/f0/3d/2f61d4566e80f203d0e05ddd788037dc06a94d200edac25d2747fd79b5aa/pyobjc_framework_security-11.1-cp314-cp314-macosx_11_0_universal2.whl", hash = "sha256:858a18303711eb69d18d1a64cf8bb2202f64a3bd1c82203c511990dbd8326514", size = 41288 },
    { url = "https://files.pythonhosted.org/packages/15/44/99ef33a5319ed2cb6c0a51ed36214adf21ccb37cce970b1acc8bfe57ce23/pyobjc_framework_security-11.1-cp314-cp314t-macosx_11_0_universal2.whl", hash = "sha256:4db1ebf6395cd370139cb35ff172505fc449c7fdf5d3a28f2ada8a30ef132cd0", size = 42849 },
]

[[package]]
name = "pyobjc-framework-webkit"
version = "11.1"
source = { registry = "https://pypi.org/simple" }
dependencies = [
    { name = "pyobjc-core" },
    { name = "pyobjc-framework-cocoa" },
]
sdist = { url = "https://files.pythonhosted.org/packages/92/04/fb3d0b68994f7e657ef00c1ac5fc1c04ae2fc7ea581d647f5ae1f6739b14/pyobjc_framework_webkit-11.1.tar.gz", hash = "sha256:27e701c7aaf4f24fc7e601a128e2ef14f2773f4ab071b9db7438dc5afb5053ae", size = 717102 }
wheels = [
    { url = "https://files.pythonhosted.org/packages/7a/8d/66561d95b00b8e57a9d5725ae34a8d9ca7ebeb776f13add989421ff90279/pyobjc_framework_webkit-11.1-cp313-cp313-macosx_10_13_universal2.whl", hash = "sha256:1d01008756c3912b02b7c02f62432467fbee90a93e3b8e31fa351b4ca97c9c98", size = 51495 },
    { url = "https://files.pythonhosted.org/packages/db/c3/e790b518f84ea8dfbe32a9dcb4d8611b532de08057d19f853c1890110938/pyobjc_framework_webkit-11.1-cp313-cp313t-macosx_10_13_universal2.whl", hash = "sha256:864f9867a2caaeaeb83e5c0fa3dcf78169622233cf93a9a5eeb7012ced3b8076", size = 51985 },
    { url = "https://files.pythonhosted.org/packages/d7/4f/194e3e7c01861a5e46dfe9e1fa28ad01fd07190cb514e41a7dcf1f0b7031/pyobjc_framework_webkit-11.1-cp314-cp314-macosx_11_0_universal2.whl", hash = "sha256:13b774d4244734cb77bf3c3648149c163f62acaa105243d7c48bb3fd856b5628", size = 52248 },
    { url = "https://files.pythonhosted.org/packages/31/09/28884e7c10d3a76a76c2c8f55369dd96a90f0283800c68f5c764e1fb8e2e/pyobjc_framework_webkit-11.1-cp314-cp314t-macosx_11_0_universal2.whl", hash = "sha256:c1c00d549ab1d50e3d7e8f5f71352b999d2c32dc2365c299f317525eb9bff916", size = 52725 },
]

[[package]]
name = "python-dateutil"
version = "2.9.0.post0"
source = { registry = "https://pypi.org/simple" }
dependencies = [
    { name = "six" },
]
sdist = { url = "https://files.pythonhosted.org/packages/66/c0/0c8b6ad9f17a802ee498c46e004a0eb49bc148f2fd230864601a86dcf6db/python-dateutil-2.9.0.post0.tar.gz", hash = "sha256:37dd54208da7e1cd875388217d5e00ebd4179249f90fb72437e91a35459a0ad3", size = 342432 }
wheels = [
    { url = "https://files.pythonhosted.org/packages/ec/57/56b9bcc3c9c6a792fcbaf139543cee77261f3651ca9da0c93f5c1221264b/python_dateutil-2.9.0.post0-py2.py3-none-any.whl", hash = "sha256:a8b2bc7bffae282281c8140a97d3aa9c14da0b136dfe83f850eea9a5f7470427", size = 229892 },
]

[[package]]
name = "pythonnet"
version = "3.0.5"
source = { registry = "https://pypi.org/simple" }
dependencies = [
    { name = "clr-loader" },
]
sdist = { url = "https://files.pythonhosted.org/packages/9a/d6/1afd75edd932306ae9bd2c2d961d603dc2b52fcec51b04afea464f1f6646/pythonnet-3.0.5.tar.gz", hash = "sha256:48e43ca463941b3608b32b4e236db92d8d40db4c58a75ace902985f76dac21cf", size = 239212 }
wheels = [
    { url = "https://files.pythonhosted.org/packages/cd/f1/bfb6811df4745f92f14c47a29e50e89a36b1533130fcc56452d4660bd2d6/pythonnet-3.0.5-py3-none-any.whl", hash = "sha256:f6702d694d5d5b163c9f3f5cc34e0bed8d6857150237fae411fefb883a656d20", size = 297506 },
]

[[package]]
name = "pywebview"
version = "6.0"
source = { registry = "https://pypi.org/simple" }
dependencies = [
    { name = "bottle" },
    { name = "proxy-tools" },
    { name = "pyobjc-core", marker = "sys_platform == 'darwin'" },
    { name = "pyobjc-framework-cocoa", marker = "sys_platform == 'darwin'" },
    { name = "pyobjc-framework-quartz", marker = "sys_platform == 'darwin'" },
    { name = "pyobjc-framework-security", marker = "sys_platform == 'darwin'" },
    { name = "pyobjc-framework-webkit", marker = "sys_platform == 'darwin'" },
    { name = "pythonnet", marker = "sys_platform == 'win32'" },
    { name = "qtpy", marker = "sys_platform == 'openbsd6'" },
    { name = "typing-extensions" },
]
sdist = { url = "https://files.pythonhosted.org/packages/a8/2a/0279e9da655481cef5dd0cdb1f9b8bfbe8fdf81d0062731f8e1e6668898d/pywebview-6.0.tar.gz", hash = "sha256:05c339ace3ee1c11391aa9ae8c4645c67239e769c91228f63196d8d120a9feb8", size = 493594 }
wheels = [
    { url = "https://files.pythonhosted.org/packages/2c/74/611f560a08c5d62fe5a528f784f71aefa4753a52b448489be92f310a3748/pywebview-6.0-py3-none-any.whl", hash = "sha256:6164b2a3debc416eeba15f3a48b1febd0b9483a6674c933c7c9b59fb4b11f474", size = 508599 },
]

[[package]]
name = "qtpy"
version = "2.4.3"
source = { registry = "https://pypi.org/simple" }
dependencies = [
    { name = "packaging" },
]
sdist = { url = "https://files.pythonhosted.org/packages/70/01/392eba83c8e47b946b929d7c46e0f04b35e9671f8bb6fc36b6f7945b4de8/qtpy-2.4.3.tar.gz", hash = "sha256:db744f7832e6d3da90568ba6ccbca3ee2b3b4a890c3d6fbbc63142f6e4cdf5bb", size = 66982 }
wheels = [
    { url = "https://files.pythonhosted.org/packages/69/76/37c0ccd5ab968a6a438f9c623aeecc84c202ab2fabc6a8fd927580c15b5a/QtPy-2.4.3-py3-none-any.whl", hash = "sha256:72095afe13673e017946cc258b8d5da43314197b741ed2890e563cf384b51aa1", size = 95045 },
]

[[package]]
name = "quicklookup"
version = "0.1.0"
source = { editable = "." }
dependencies = [
    { name = "cherrypy" },
    { name = "html2text" },
    { name = "iterfzf" },
    { name = "libzim" },
    { name = "slob" },
]

[package.optional-dependencies]
pywebview = [
    { name = "pywebview" },
]

[package.metadata]
requires-dist = [
    { name = "cherrypy", specifier = ">=18.10.0" },
    { name = "html2text", specifier = ">=2025.4.15" },
    { name = "iterfzf", specifier = ">=1.8.0.62.0" },
    { name = "libzim", specifier = ">=3.8.0" },
    { name = "pywebview", marker = "extra == 'pywebview'" },
    { name = "slob", git = "https://github.com/itkach/slob.git" },
]
provides-extras = ["pywebview"]

[[package]]
name = "setuptools"
version = "80.9.0"
source = { registry = "https://pypi.org/simple" }
sdist = { url = "https://files.pythonhosted.org/packages/18/5d/3bf57dcd21979b887f014ea83c24ae194cfcd12b9e0fda66b957c69d1fca/setuptools-80.9.0.tar.gz", hash = "sha256:f36b47402ecde768dbfafc46e8e4207b4360c654f1f3bb84475f0a28628fb19c", size = 1319958 }
wheels = [
    { url = "https://files.pythonhosted.org/packages/a3/dc/17031897dae0efacfea57dfd3a82fdd2a2aeb58e0ff71b77b87e44edc772/setuptools-80.9.0-py3-none-any.whl", hash = "sha256:062d34222ad13e0cc312a4c02d73f059e86a4acbfbdea8f8f76b28c99f306922", size = 1201486 },
]

[[package]]
name = "six"
version = "1.17.0"
source = { registry = "https://pypi.org/simple" }
sdist = { url = "https://files.pythonhosted.org/packages/94/e7/b2c673351809dca68a0e064b6af791aa332cf192da575fd474ed7d6f16a2/six-1.17.0.tar.gz", hash = "sha256:ff70335d468e7eb6ec65b95b99d3a2836546063f63acc5171de367e834932a81", size = 34031 }
wheels = [
    { url = "https://files.pythonhosted.org/packages/b7/ce/149a00dd41f10bc29e5921b496af8b574d8413afcd5e30dfa0ed46c2cc5e/six-1.17.0-py2.py3-none-any.whl", hash = "sha256:4721f391ed90541fddacab5acf947aa0d3dc7d27b2e1e8eda2be8970586c3274", size = 11050 },
]

[[package]]
name = "slob"
version = "1.0.2"
source = { git = "https://github.com/itkach/slob.git#dbb64623b536037a7be8d1787e9763d26626bfaf" }
dependencies = [
    { name = "pyicu" },
]

[[package]]
name = "tempora"
version = "5.8.1"
source = { registry = "https://pypi.org/simple" }
dependencies = [
    { name = "jaraco-functools" },
    { name = "python-dateutil" },
]
sdist = { url = "https://files.pythonhosted.org/packages/24/64/a255efe5edd367d12b770b3514194efdc1c97e5ed6ce6e8105d834750dfc/tempora-5.8.1.tar.gz", hash = "sha256:abb5d9ec790cc5e4f9431778029ba3e3d9ba9bd50cb306dad824824b2b362dcd", size = 23072 }
wheels = [
    { url = "https://files.pythonhosted.org/packages/ff/ec/3d106a107646945b65a55a228b871589ee9206e833f5b1cde4a57204c2f8/tempora-5.8.1-py3-none-any.whl", hash = "sha256:6945ec409ca930e5040490931dc0d8f516f2cd9798eb175dc3b3c6a0fc481ea2", size = 14427 },
]

[[package]]
name = "typing-extensions"
version = "4.15.0"
source = { registry = "https://pypi.org/simple" }
sdist = { url = "https://files.pythonhosted.org/packages/72/94/1a15dd82efb362ac84269196e94cf00f187f7ed21c242792a923cdb1c61f/typing_extensions-4.15.0.tar.gz", hash = "sha256:0cea48d173cc12fa28ecabc3b837ea3cf6f38c6d1136f85cbaaf598984861466", size = 109391 }
wheels = [
    { url = "https://files.pythonhosted.org/packages/18/67/36e9267722cc04a6b9f15c7f3441c2363321a3ea07da7ae0c0707beb2a9c/typing_extensions-4.15.0-py3-none-any.whl", hash = "sha256:f0fa19c6845758ab08074a0cfa8b7aecb71c999ca73d62883bc25cc018c4e548", size = 44614 },
]

[[package]]
name = "zc-lockfile"
version = "4.0"
source = { registry = "https://pypi.org/simple" }
dependencies = [
    { name = "setuptools" },
]
sdist = { url = "https://files.pythonhosted.org/packages/10/9a/2fef89272d98b799e4daa50201c5582ec76bdd4e92a1a7e3deb74c52b7fa/zc_lockfile-4.0.tar.gz", hash = "sha256:d3ab0f53974296a806db3219b9191ba0e6d5cbbd1daa2e0d17208cb9b29d2102", size = 10956 }
wheels = [
    { url = "https://files.pythonhosted.org/packages/3b/7f/3a614b65bc4b181578b1d50a78663ee02d5d2d3b859712f3d3597c8afe6f/zc_lockfile-4.0-py3-none-any.whl", hash = "sha256:aa3aa295257bebaa09ea9ad5cb288bf9f98f88de6932f96b6659f62715d83581", size = 9143 },
]
